
Microsoft Visual Studio Solution File, Format Version 12.00
Project("{FAE04EC0-301F-11D3-BF4B-00C04F79EFBC}") = "Entities", "Entities\Entities.csproj", "{D4D7F6BB-7EB7-41DC-8CE5-BEE9B130AC45}"
EndProject
Project("{FAE04EC0-301F-11D3-BF4B-00C04F79EFBC}") = "DataAccess", "DataAccess\DataAccess.csproj", "{D31E7514-645E-433B-826B-94264EC39A5C}"
EndProject
Project("{FAE04EC0-301F-11D3-BF4B-00C04F79EFBC}") = "Business", "Business\Business.csproj", "{F0DE290E-5AD5-4D1F-94F5-31DCFAFC1F0B}"
EndProject
Project("{FAE04EC0-301F-11D3-BF4B-00C04F79EFBC}") = "ConsoleUI", "ConsoleUI\ConsoleUI.csproj", "{08FF6818-40EB-45CD-B9DB-086AEE21FCDD}"
EndProject
Global
	GlobalSection(SolutionConfigurationPlatforms) = preSolution
		Debug|Any CPU = Debug|Any CPU
		Release|Any CPU = Release|Any CPU
	EndGlobalSection
	GlobalSection(ProjectConfigurationPlatforms) = postSolution
		{D4D7F6BB-7EB7-41DC-8CE5-BEE9B130AC45}.Debug|Any CPU.ActiveCfg = Debug|Any CPU
		{D4D7F6BB-7EB7-41DC-8CE5-BEE9B130AC45}.Debug|Any CPU.Build.0 = Debug|Any CPU
		{D4D7F6BB-7EB7-41DC-8CE5-BEE9B130AC45}.Release|Any CPU.ActiveCfg = Release|Any CPU
		{D4D7F6BB-7EB7-41DC-8CE5-BEE9B130AC45}.Release|Any CPU.Build.0 = Release|Any CPU
		{D31E7514-645E-433B-826B-94264EC39A5C}.Debug|Any CPU.ActiveCfg = Debug|Any CPU
		{D31E7514-645E-433B-826B-94264EC39A5C}.Debug|Any CPU.Build.0 = Debug|Any CPU
		{D31E7514-645E-433B-826B-94264EC39A5C}.Release|Any CPU.ActiveCfg = Release|Any CPU
		{D31E7514-645E-433B-826B-94264EC39A5C}.Release|Any CPU.Build.0 = Release|Any CPU
		{F0DE290E-5AD5-4D1F-94F5-31DCFAFC1F0B}.Debug|Any CPU.ActiveCfg = Debug|Any CPU
		{F0DE290E-5AD5-4D1F-94F5-31DCFAFC1F0B}.Debug|Any CPU.Build.0 = Debug|Any CPU
		{F0DE290E-5AD5-4D1F-94F5-31DCFAFC1F0B}.Release|Any CPU.ActiveCfg = Release|Any CPU
		{F0DE290E-5AD5-4D1F-94F5-31DCFAFC1F0B}.Release|Any CPU.Build.0 = Release|Any CPU
		{08FF6818-40EB-45CD-B9DB-086AEE21FCDD}.Debug|Any CPU.ActiveCfg = Debug|Any CPU
		{08FF6818-40EB-45CD-B9DB-086AEE21FCDD}.Debug|Any CPU.Build.0 = Debug|Any CPU
		{08FF6818-40EB-45CD-B9DB-086AEE21FCDD}.Release|Any CPU.ActiveCfg = Release|Any CPU
		{08FF6818-40EB-45CD-B9DB-086AEE21FCDD}.Release|Any CPU.Build.0 = Release|Any CPU
	EndGlobalSection
EndGlobal
